
Microsoft Visual Studio Solution File, Format Version 12.00
# Visual Studio 15
VisualStudioVersion = 15.0.27130.2036
MinimumVisualStudioVersion = 10.0.40219.1
Project("{9A19103F-16F7-4668-BE54-9A1E7A4F7556}") = "Vostok.Test", "Vostok.Test\Vostok.Test.csproj", "{56047110-027A-4D43-9C32-0E5A86260C97}"
EndProject
Global
	GlobalSection(SolutionConfigurationPlatforms) = preSolution
		Debug|Any CPU = Debug|Any CPU
		Release|Any CPU = Release|Any CPU
	EndGlobalSection
	GlobalSection(ProjectConfigurationPlatforms) = postSolution
		{56047110-027A-4D43-9C32-0E5A86260C97}.Debug|Any CPU.ActiveCfg = Debug|Any CPU
		{56047110-027A-4D43-9C32-0E5A86260C97}.Debug|Any CPU.Build.0 = Debug|Any CPU
		{56047110-027A-4D43-9C32-0E5A86260C97}.Release|Any CPU.ActiveCfg = Release|Any CPU
		{56047110-027A-4D43-9C32-0E5A86260C97}.Release|Any CPU.Build.0 = Release|Any CPU
	EndGlobalSection
	GlobalSection(SolutionProperties) = preSolution
		HideSolutionNode = FALSE
	EndGlobalSection
	GlobalSection(ExtensibilityGlobals) = postSolution
		SolutionGuid = {4CD3085D-C677-489E-9EDF-30B1246AA1BA}
	EndGlobalSection
EndGlobal
